// !$*UTF8*$!
{
	archiveVersion = 1;
	classes = {
	};
	objectVersion = 56;
	objects = {

/* Begin PBXBuildFile section */
		50D05B8C295CE46B000BC3E9 /* TestApp.swift in Sources */ = {isa = PBXBuildFile; fileRef = 50D05B8B295CE46B000BC3E9 /* TestApp.swift */; };
		50D05B8E295CE46B000BC3E9 /* ContentView.swift in Sources */ = {isa = PBXBuildFile; fileRef = 50D05B8D295CE46B000BC3E9 /* ContentView.swift */; };
		50D05B90295CE46E000BC3E9 /* Assets.xcassets in Resources */ = {isa = PBXBuildFile; fileRef = 50D05B8F295CE46E000BC3E9 /* Assets.xcassets */; };
		50D05B93295CE46E000BC3E9 /* Preview Assets.xcassets in Resources */ = {isa = PBXBuildFile; fileRef = 50D05B92295CE46E000BC3E9 /* Preview Assets.xcassets */; };
		50D05B9D295CE46E000BC3E9 /* TestTests.swift in Sources */ = {isa = PBXBuildFile; fileRef = 50D05B9C295CE46E000BC3E9 /* TestTests.swift */; };
		50D05BA7295CE46E000BC3E9 /* TestUITests.swift in Sources */ = {isa = PBXBuildFile; fileRef = 50D05BA6295CE46E000BC3E9 /* TestUITests.swift */; };
		50D05BA9295CE46E000BC3E9 /* TestUITestsLaunchTests.swift in Sources */ = {isa = PBXBuildFile; fileRef = 50D05BA8295CE46E000BC3E9 /* TestUITestsLaunchTests.swift */; };
		50D05BB9295CE4F1000BC3E9 /* AppState.swift in Sources */ = {isa = PBXBuildFile; fileRef = 50D05BB5295CE4F1000BC3E9 /* AppState.swift */; };
		50D05BBA295CE4F1000BC3E9 /* System.swift in Sources */ = {isa = PBXBuildFile; fileRef = 50D05BB6295CE4F1000BC3E9 /* System.swift */; };
		50D05BBB295CE4F1000BC3E9 /* UserData.swift in Sources */ = {isa = PBXBuildFile; fileRef = 50D05BB7295CE4F1000BC3E9 /* UserData.swift */; };
		50D05BBC295CE4F1000BC3E9 /* ViewRouting.swift in Sources */ = {isa = PBXBuildFile; fileRef = 50D05BB8295CE4F1000BC3E9 /* ViewRouting.swift */; };
		50D05BBE295CE5BE000BC3E9 /* NoInternetView.swift in Sources */ = {isa = PBXBuildFile; fileRef = 50D05BBD295CE5BE000BC3E9 /* NoInternetView.swift */; };
		50D05BC0295CE5EB000BC3E9 /* LoginView.swift in Sources */ = {isa = PBXBuildFile; fileRef = 50D05BBF295CE5EB000BC3E9 /* LoginView.swift */; };
/* End PBXBuildFile section */

/* Begin PBXContainerItemProxy section */
		50D05B99295CE46E000BC3E9 /* PBXContainerItemProxy */ = {
			isa = PBXContainerItemProxy;
			containerPortal = 50D05B80295CE46B000BC3E9 /* Project object */;
			proxyType = 1;
			remoteGlobalIDString = 50D05B87295CE46B000BC3E9;
			remoteInfo = Test;
		};
		50D05BA3295CE46E000BC3E9 /* PBXContainerItemProxy */ = {
			isa = PBXContainerItemProxy;
			containerPortal = 50D05B80295CE46B000BC3E9 /* Project object */;
			proxyType = 1;
			remoteGlobalIDString = 50D05B87295CE46B000BC3E9;
			remoteInfo = Test;
		};
/* End PBXContainerItemProxy section */

/* Begin PBXFileReference section */
		50D05B88295CE46B000BC3E9 /* Test.app */ = {isa = PBXFileReference; explicitFileType = wrapper.application; includeInIndex = 0; path = Test.app; sourceTree = BUILT_PRODUCTS_DIR; };
		50D05B8B295CE46B000BC3E9 /* TestApp.swift */ = {isa = PBXFileReference; lastKnownFileType = sourcecode.swift; path = TestApp.swift; sourceTree = "<group>"; };
		50D05B8D295CE46B000BC3E9 /* ContentView.swift */ = {isa = PBXFileReference; lastKnownFileType = sourcecode.swift; path = ContentView.swift; sourceTree = "<group>"; };
		50D05B8F295CE46E000BC3E9 /* Assets.xcassets */ = {isa = PBXFileReference; lastKnownFileType = folder.assetcatalog; path = Assets.xcassets; sourceTree = "<group>"; };
		50D05B92295CE46E000BC3E9 /* Preview Assets.xcassets */ = {isa = PBXFileReference; lastKnownFileType = folder.assetcatalog; path = "Preview Assets.xcassets"; sourceTree = "<group>"; };
		50D05B98295CE46E000BC3E9 /* TestTests.xctest */ = {isa = PBXFileReference; explicitFileType = wrapper.cfbundle; includeInIndex = 0; path = TestTests.xctest; sourceTree = BUILT_PRODUCTS_DIR; };
		50D05B9C295CE46E000BC3E9 /* TestTests.swift */ = {isa = PBXFileReference; lastKnownFileType = sourcecode.swift; path = TestTests.swift; sourceTree = "<group>"; };
		50D05BA2295CE46E000BC3E9 /* TestUITests.xctest */ = {isa = PBXFileReference; explicitFileType = wrapper.cfbundle; includeInIndex = 0; path = TestUITests.xctest; sourceTree = BUILT_PRODUCTS_DIR; };
		50D05BA6295CE46E000BC3E9 /* TestUITests.swift */ = {isa = PBXFileReference; lastKnownFileType = sourcecode.swift; path = TestUITests.swift; sourceTree = "<group>"; };
		50D05BA8295CE46E000BC3E9 /* TestUITestsLaunchTests.swift */ = {isa = PBXFileReference; lastKnownFileType = sourcecode.swift; path = TestUITestsLaunchTests.swift; sourceTree = "<group>"; };
		50D05BB5295CE4F1000BC3E9 /* AppState.swift */ = {isa = PBXFileReference; fileEncoding = 4; lastKnownFileType = sourcecode.swift; path = AppState.swift; sourceTree = "<group>"; };
		50D05BB6295CE4F1000BC3E9 /* System.swift */ = {isa = PBXFileReference; fileEncoding = 4; lastKnownFileType = sourcecode.swift; path = System.swift; sourceTree = "<group>"; };
		50D05BB7295CE4F1000BC3E9 /* UserData.swift */ = {isa = PBXFileReference; fileEncoding = 4; lastKnownFileType = sourcecode.swift; path = UserData.swift; sourceTree = "<group>"; };
		50D05BB8295CE4F1000BC3E9 /* ViewRouting.swift */ = {isa = PBXFileReference; fileEncoding = 4; lastKnownFileType = sourcecode.swift; path = ViewRouting.swift; sourceTree = "<group>"; };
		50D05BBD295CE5BE000BC3E9 /* NoInternetView.swift */ = {isa = PBXFileReference; fileEncoding = 4; lastKnownFileType = sourcecode.swift; path = NoInternetView.swift; sourceTree = "<group>"; };
		50D05BBF295CE5EB000BC3E9 /* LoginView.swift */ = {isa = PBXFileReference; fileEncoding = 4; lastKnownFileType = sourcecode.swift; path = LoginView.swift; sourceTree = "<group>"; };
/* End PBXFileReference section */

/* Begin PBXFrameworksBuildPhase section */
		50D05B85295CE46B000BC3E9 /* Frameworks */ = {
			isa = PBXFrameworksBuildPhase;
			buildActionMask = 2147483647;
			files = (
			);
			runOnlyForDeploymentPostprocessing = 0;
		};
		50D05B95295CE46E000BC3E9 /* Frameworks */ = {
			isa = PBXFrameworksBuildPhase;
			buildActionMask = 2147483647;
			files = (
			);
			runOnlyForDeploymentPostprocessing = 0;
		};
		50D05B9F295CE46E000BC3E9 /* Frameworks */ = {
			isa = PBXFrameworksBuildPhase;
			buildActionMask = 2147483647;
			files = (
			);
			runOnlyForDeploymentPostprocessing = 0;
		};
/* End PBXFrameworksBuildPhase section */

/* Begin PBXGroup section */
		50D05B7F295CE46B000BC3E9 = {
			isa = PBXGroup;
			children = (
				50D05B8A295CE46B000BC3E9 /* Test */,
				50D05B9B295CE46E000BC3E9 /* TestTests */,
				50D05BA5295CE46E000BC3E9 /* TestUITests */,
				50D05B89295CE46B000BC3E9 /* Products */,
			);
			sourceTree = "<group>";
		};
		50D05B89295CE46B000BC3E9 /* Products */ = {
			isa = PBXGroup;
			children = (
				50D05B88295CE46B000BC3E9 /* Test.app */,
				50D05B98295CE46E000BC3E9 /* TestTests.xctest */,
				50D05BA2295CE46E000BC3E9 /* TestUITests.xctest */,
			);
			name = Products;
			sourceTree = "<group>";
		};
		50D05B8A295CE46B000BC3E9 /* Test */ = {
			isa = PBXGroup;
			children = (
				50D05B8B295CE46B000BC3E9 /* TestApp.swift */,
				50D05BB5295CE4F1000BC3E9 /* AppState.swift */,
				50D05BB6295CE4F1000BC3E9 /* System.swift */,
				50D05BB7295CE4F1000BC3E9 /* UserData.swift */,
				50D05BB8295CE4F1000BC3E9 /* ViewRouting.swift */,
				50D05B8D295CE46B000BC3E9 /* ContentView.swift */,
				50D05B8F295CE46E000BC3E9 /* Assets.xcassets */,
				50D05BBD295CE5BE000BC3E9 /* NoInternetView.swift */,
				50D05BBF295CE5EB000BC3E9 /* LoginView.swift */,
				50D05B91295CE46E000BC3E9 /* Preview Content */,
			);
			path = Test;
			sourceTree = "<group>";
		};
		50D05B91295CE46E000BC3E9 /* Preview Content */ = {
			isa = PBXGroup;
			children = (
				50D05B92295CE46E000BC3E9 /* Preview Assets.xcassets */,
			);
			path = "Preview Content";
			sourceTree = "<group>";
		};
		50D05B9B295CE46E000BC3E9 /* TestTests */ = {
			isa = PBXGroup;
			children = (
				50D05B9C295CE46E000BC3E9 /* TestTests.swift */,
			);
			path = TestTests;
			sourceTree = "<group>";
		};
		50D05BA5295CE46E000BC3E9 /* TestUITests */ = {
			isa = PBXGroup;
			children = (
				50D05BA6295CE46E000BC3E9 /* TestUITests.swift */,
				50D05BA8295CE46E000BC3E9 /* TestUITestsLaunchTests.swift */,
			);
			path = TestUITests;
			sourceTree = "<group>";
		};
/* End PBXGroup section */

/* Begin PBXNativeTarget section */
		50D05B87295CE46B000BC3E9 /* Test */ = {
			isa = PBXNativeTarget;
			buildConfigurationList = 50D05BAC295CE46E000BC3E9 /* Build configuration list for PBXNativeTarget "Test" */;
			buildPhases = (
				50D05B84295CE46B000BC3E9 /* Sources */,
				50D05B85295CE46B000BC3E9 /* Frameworks */,
				50D05B86295CE46B000BC3E9 /* Resources */,
			);
			buildRules = (
			);
			dependencies = (
			);
			name = Test;
			productName = Test;
			productReference = 50D05B88295CE46B000BC3E9 /* Test.app */;
			productType = "com.apple.product-type.application";
		};
		50D05B97295CE46E000BC3E9 /* TestTests */ = {
			isa = PBXNativeTarget;
			buildConfigurationList = 50D05BAF295CE46E000BC3E9 /* Build configuration list for PBXNativeTarget "TestTests" */;
			buildPhases = (
				50D05B94295CE46E000BC3E9 /* Sources */,
				50D05B95295CE46E000BC3E9 /* Frameworks */,
				50D05B96295CE46E000BC3E9 /* Resources */,
			);
			buildRules = (
			);
			dependencies = (
				50D05B9A295CE46E000BC3E9 /* PBXTargetDependency */,
			);
			name = TestTests;
			productName = TestTests;
			productReference = 50D05B98295CE46E000BC3E9 /* TestTests.xctest */;
			productType = "com.apple.product-type.bundle.unit-test";
		};
		50D05BA1295CE46E000BC3E9 /* TestUITests */ = {
			isa = PBXNativeTarget;
			buildConfigurationList = 50D05BB2295CE46E000BC3E9 /* Build configuration list for PBXNativeTarget "TestUITests" */;
			buildPhases = (
				50D05B9E295CE46E000BC3E9 /* Sources */,
				50D05B9F295CE46E000BC3E9 /* Frameworks */,
				50D05BA0295CE46E000BC3E9 /* Resources */,
			);
			buildRules = (
			);
			dependencies = (
				50D05BA4295CE46E000BC3E9 /* PBXTargetDependency */,
			);
			name = TestUITests;
			productName = TestUITests;
			productReference = 50D05BA2295CE46E000BC3E9 /* TestUITests.xctest */;
			productType = "com.apple.product-type.bundle.ui-testing";
		};
/* End PBXNativeTarget section */

/* Begin PBXProject section */
		50D05B80295CE46B000BC3E9 /* Project object */ = {
			isa = PBXProject;
			attributes = {
				BuildIndependentTargetsInParallel = 1;
				LastSwiftUpdateCheck = 1420;
				LastUpgradeCheck = 1420;
				TargetAttributes = {
					50D05B87295CE46B000BC3E9 = {
						CreatedOnToolsVersion = 14.2;
					};
					50D05B97295CE46E000BC3E9 = {
						CreatedOnToolsVersion = 14.2;
						TestTargetID = 50D05B87295CE46B000BC3E9;
					};
					50D05BA1295CE46E000BC3E9 = {
						CreatedOnToolsVersion = 14.2;
						TestTargetID = 50D05B87295CE46B000BC3E9;
					};
				};
			};
			buildConfigurationList = 50D05B83295CE46B000BC3E9 /* Build configuration list for PBXProject "Test" */;
			compatibilityVersion = "Xcode 14.0";
			developmentRegion = en;
			hasScannedForEncodings = 0;
			knownRegions = (
				en,
				Base,
			);
			mainGroup = 50D05B7F295CE46B000BC3E9;
			productRefGroup = 50D05B89295CE46B000BC3E9 /* Products */;
			projectDirPath = "";
			projectRoot = "";
			targets = (
				50D05B87295CE46B000BC3E9 /* Test */,
				50D05B97295CE46E000BC3E9 /* TestTests */,
				50D05BA1295CE46E000BC3E9 /* TestUITests */,
			);
		};
/* End PBXProject section */

/* Begin PBXResourcesBuildPhase section */
		50D05B86295CE46B000BC3E9 /* Resources */ = {
			isa = PBXResourcesBuildPhase;
			buildActionMask = 2147483647;
			files = (
				50D05B93295CE46E000BC3E9 /* Preview Assets.xcassets in Resources */,
				50D05B90295CE46E000BC3E9 /* Assets.xcassets in Resources */,
			);
			runOnlyForDeploymentPostprocessing = 0;
		};
		50D05B96295CE46E000BC3E9 /* Resources */ = {
			isa = PBXResourcesBuildPhase;
			buildActionMask = 2147483647;
			files = (
			);
			runOnlyForDeploymentPostprocessing = 0;
		};
		50D05BA0295CE46E000BC3E9 /* Resources */ = {
			isa = PBXResourcesBuildPhase;
			buildActionMask = 2147483647;
			files = (
			);
			runOnlyForDeploymentPostprocessing = 0;
		};
/* End PBXResourcesBuildPhase section */

/* Begin PBXSourcesBuildPhase section */
		50D05B84295CE46B000BC3E9 /* Sources */ = {
			isa = PBXSourcesBuildPhase;
			buildActionMask = 2147483647;
			files = (
				50D05BBA295CE4F1000BC3E9 /* System.swift in Sources */,
				50D05BBC295CE4F1000BC3E9 /* ViewRouting.swift in Sources */,
				50D05BB9295CE4F1000BC3E9 /* AppState.swift in Sources */,
				50D05B8E295CE46B000BC3E9 /* ContentView.swift in Sources */,
				50D05BBB295CE4F1000BC3E9 /* UserData.swift in Sources */,
				50D05B8C295CE46B000BC3E9 /* TestApp.swift in Sources */,
				50D05BC0295CE5EB000BC3E9 /* LoginView.swift in Sources */,
				50D05BBE295CE5BE000BC3E9 /* NoInternetView.swift in Sources */,
			);
			runOnlyForDeploymentPostprocessing = 0;
		};
		50D05B94295CE46E000BC3E9 /* Sources */ = {
			isa = PBXSourcesBuildPhase;
			buildActionMask = 2147483647;
			files = (
				50D05B9D295CE46E000BC3E9 /* TestTests.swift in Sources */,
			);
			runOnlyForDeploymentPostprocessing = 0;
		};
		50D05B9E295CE46E000BC3E9 /* Sources */ = {
			isa = PBXSourcesBuildPhase;
			buildActionMask = 2147483647;
			files = (
				50D05BA9295CE46E000BC3E9 /* TestUITestsLaunchTests.swift in Sources */,
				50D05BA7295CE46E000BC3E9 /* TestUITests.swift in Sources */,
			);
			runOnlyForDeploymentPostprocessing = 0;
		};
/* End PBXSourcesBuildPhase section */

/* Begin PBXTargetDependency section */
		50D05B9A295CE46E000BC3E9 /* PBXTargetDependency */ = {
			isa = PBXTargetDependency;
			target = 50D05B87295CE46B000BC3E9 /* Test */;
			targetProxy = 50D05B99295CE46E000BC3E9 /* PBXContainerItemProxy */;
		};
		50D05BA4295CE46E000BC3E9 /* PBXTargetDependency */ = {
			isa = PBXTargetDependency;
			target = 50D05B87295CE46B000BC3E9 /* Test */;
			targetProxy = 50D05BA3295CE46E000BC3E9 /* PBXContainerItemProxy */;
		};
/* End PBXTargetDependency section */

/* Begin XCBuildConfiguration section */
		50D05BAA295CE46E000BC3E9 /* Debug */ = {
			isa = XCBuildConfiguration;
			buildSettings = {
				ALWAYS_SEARCH_USER_PATHS = NO;
				CLANG_ANALYZER_NONNULL = YES;
				CLANG_ANALYZER_NUMBER_OBJECT_CONVERSION = YES_AGGRESSIVE;
				CLANG_CXX_LANGUAGE_STANDARD = "gnu++20";
				CLANG_ENABLE_MODULES = YES;
				CLANG_ENABLE_OBJC_ARC = YES;
				CLANG_ENABLE_OBJC_WEAK = YES;
				CLANG_WARN_BLOCK_CAPTURE_AUTORELEASING = YES;
				CLANG_WARN_BOOL_CONVERSION = YES;
				CLANG_WARN_COMMA = YES;
				CLANG_WARN_CONSTANT_CONVERSION = YES;
				CLANG_WARN_DEPRECATED_OBJC_IMPLEMENTATIONS = YES;
				CLANG_WARN_DIRECT_OBJC_ISA_USAGE = YES_ERROR;
				CLANG_WARN_DOCUMENTATION_COMMENTS = YES;
				CLANG_WARN_EMPTY_BODY = YES;
				CLANG_WARN_ENUM_CONVERSION = YES;
				CLANG_WARN_INFINITE_RECURSION = YES;
				CLANG_WARN_INT_CONVERSION = YES;
				CLANG_WARN_NON_LITERAL_NULL_CONVERSION = YES;
				CLANG_WARN_OBJC_IMPLICIT_RETAIN_SELF = YES;
				CLANG_WARN_OBJC_LITERAL_CONVERSION = YES;
				CLANG_WARN_OBJC_ROOT_CLASS = YES_ERROR;
				CLANG_WARN_QUOTED_INCLUDE_IN_FRAMEWORK_HEADER = YES;
				CLANG_WARN_RANGE_LOOP_ANALYSIS = YES;
				CLANG_WARN_STRICT_PROTOTYPES = YES;
				CLANG_WARN_SUSPICIOUS_MOVE = YES;
				CLANG_WARN_UNGUARDED_AVAILABILITY = YES_AGGRESSIVE;
				CLANG_WARN_UNREACHABLE_CODE = YES;
				CLANG_WARN__DUPLICATE_METHOD_MATCH = YES;
				COPY_PHASE_STRIP = NO;
				DEBUG_INFORMATION_FORMAT = dwarf;
				ENABLE_STRICT_OBJC_MSGSEND = YES;
				ENABLE_TESTABILITY = YES;
				GCC_C_LANGUAGE_STANDARD = gnu11;
				GCC_DYNAMIC_NO_PIC = NO;
				GCC_NO_COMMON_BLOCKS = YES;
				GCC_OPTIMIZATION_LEVEL = 0;
				GCC_PREPROCESSOR_DEFINITIONS = (
					"DEBUG=1",
					"$(inherited)",
				);
				GCC_WARN_64_TO_32_BIT_CONVERSION = YES;
				GCC_WARN_ABOUT_RETURN_TYPE = YES_ERROR;
				GCC_WARN_UNDECLARED_SELECTOR = YES;
				GCC_WARN_UNINITIALIZED_AUTOS = YES_AGGRESSIVE;
				GCC_WARN_UNUSED_FUNCTION = YES;
				GCC_WARN_UNUSED_VARIABLE = YES;
				IPHONEOS_DEPLOYMENT_TARGET = 16.2;
				MTL_ENABLE_DEBUG_INFO = INCLUDE_SOURCE;
				MTL_FAST_MATH = YES;
				ONLY_ACTIVE_ARCH = YES;
				SDKROOT = iphoneos;
				SWIFT_ACTIVE_COMPILATION_CONDITIONS = DEBUG;
				SWIFT_OPTIMIZATION_LEVEL = "-Onone";
			};
			name = Debug;
		};
		50D05BAB295CE46E000BC3E9 /* Release */ = {
			isa = XCBuildConfiguration;
			buildSettings = {
				ALWAYS_SEARCH_USER_PATHS = NO;
				CLANG_ANALYZER_NONNULL = YES;
				CLANG_ANALYZER_NUMBER_OBJECT_CONVERSION = YES_AGGRESSIVE;
				CLANG_CXX_LANGUAGE_STANDARD = "gnu++20";
				CLANG_ENABLE_MODULES = YES;
				CLANG_ENABLE_OBJC_ARC = YES;
				CLANG_ENABLE_OBJC_WEAK = YES;
				CLANG_WARN_BLOCK_CAPTURE_AUTORELEASING = YES;
				CLANG_WARN_BOOL_CONVERSION = YES;
				CLANG_WARN_COMMA = YES;
				CLANG_WARN_CONSTANT_CONVERSION = YES;
				CLANG_WARN_DEPRECATED_OBJC_IMPLEMENTATIONS = YES;
				CLANG_WARN_DIRECT_OBJC_ISA_USAGE = YES_ERROR;
				CLANG_WARN_DOCUMENTATION_COMMENTS = YES;
				CLANG_WARN_EMPTY_BODY = YES;
				CLANG_WARN_ENUM_CONVERSION = YES;
				CLANG_WARN_INFINITE_RECURSION = YES;
				CLANG_WARN_INT_CONVERSION = YES;
				CLANG_WARN_NON_LITERAL_NULL_CONVERSION = YES;
				CLANG_WARN_OBJC_IMPLICIT_RETAIN_SELF = YES;
				CLANG_WARN_OBJC_LITERAL_CONVERSION = YES;
				CLANG_WARN_OBJC_ROOT_CLASS = YES_ERROR;
				CLANG_WARN_QUOTED_INCLUDE_IN_FRAMEWORK_HEADER = YES;
				CLANG_WARN_RANGE_LOOP_ANALYSIS = YES;
				CLANG_WARN_STRICT_PROTOTYPES = YES;
				CLANG_WARN_SUSPICIOUS_MOVE = YES;
				CLANG_WARN_UNGUARDED_AVAILABILITY = YES_AGGRESSIVE;
				CLANG_WARN_UNREACHABLE_CODE = YES;
				CLANG_WARN__DUPLICATE_METHOD_MATCH = YES;
				COPY_PHASE_STRIP = NO;
				DEBUG_INFORMATION_FORMAT = "dwarf-with-dsym";
				ENABLE_NS_ASSERTIONS = NO;
				ENABLE_STRICT_OBJC_MSGSEND = YES;
				GCC_C_LANGUAGE_STANDARD = gnu11;
				GCC_NO_COMMON_BLOCKS = YES;
				GCC_WARN_64_TO_32_BIT_CONVERSION = YES;
				GCC_WARN_ABOUT_RETURN_TYPE = YES_ERROR;
				GCC_WARN_UNDECLARED_SELECTOR = YES;
				GCC_WARN_UNINITIALIZED_AUTOS = YES_AGGRESSIVE;
				GCC_WARN_UNUSED_FUNCTION = YES;
				GCC_WARN_UNUSED_VARIABLE = YES;
				IPHONEOS_DEPLOYMENT_TARGET = 16.2;
				MTL_ENABLE_DEBUG_INFO = NO;
				MTL_FAST_MATH = YES;
				SDKROOT = iphoneos;
				SWIFT_COMPILATION_MODE = wholemodule;
				SWIFT_OPTIMIZATION_LEVEL = "-O";
				VALIDATE_PRODUCT = YES;
			};
			name = Release;
		};
		50D05BAD295CE46E000BC3E9 /* Debug */ = {
			isa = XCBuildConfiguration;
			buildSettings = {
				ASSETCATALOG_COMPILER_APPICON_NAME = AppIcon;
				ASSETCATALOG_COMPILER_GLOBAL_ACCENT_COLOR_NAME = AccentColor;
				CODE_SIGN_STYLE = Automatic;
				CURRENT_PROJECT_VERSION = 1;
				DEVELOPMENT_ASSET_PATHS = "\"Test/Preview Content\"";
				DEVELOPMENT_TEAM = AD5UGVWA8A;
				ENABLE_PREVIEWS = YES;
				GENERATE_INFOPLIST_FILE = YES;
				INFOPLIST_KEY_UIApplicationSceneManifest_Generation = YES;
				INFOPLIST_KEY_UIApplicationSupportsIndirectInputEvents = YES;
				INFOPLIST_KEY_UILaunchScreen_Generation = YES;
				INFOPLIST_KEY_UISupportedInterfaceOrientations_iPad = "UIInterfaceOrientationPortrait UIInterfaceOrientationPortraitUpsideDown UIInterfaceOrientationLandscapeLeft UIInterfaceOrientationLandscapeRight";
				INFOPLIST_KEY_UISupportedInterfaceOrientations_iPhone = "UIInterfaceOrientationPortrait UIInterfaceOrientationLandscapeLeft UIInterfaceOrientationLandscapeRight";
				LD_RUNPATH_SEARCH_PATHS = (
					"$(inherited)",
					"@executable_path/Frameworks",
				);
				MARKETING_VERSION = 1.0;
				PRODUCT_BUNDLE_IDENTIFIER = com.fsc.Test;
				PRODUCT_NAME = "$(TARGET_NAME)";
				SWIFT_EMIT_LOC_STRINGS = YES;
				SWIFT_VERSION = 5.0;
				TARGETED_DEVICE_FAMILY = "1,2";
			};
			name = Debug;
		};
		50D05BAE295CE46E000BC3E9 /* Release */ = {
			isa = XCBuildConfiguration;
			buildSettings = {
				ASSETCATALOG_COMPILER_APPICON_NAME = AppIcon;
				ASSETCATALOG_COMPILER_GLOBAL_ACCENT_COLOR_NAME = AccentColor;
				CODE_SIGN_STYLE = Automatic;
				CURRENT_PROJECT_VERSION = 1;
				DEVELOPMENT_ASSET_PATHS = "\"Test/Preview Content\"";
				DEVELOPMENT_TEAM = AD5UGVWA8A;
				ENABLE_PREVIEWS = YES;
				GENERATE_INFOPLIST_FILE = YES;
				INFOPLIST_KEY_UIApplicationSceneManifest_Generation = YES;
				INFOPLIST_KEY_UIApplicationSupportsIndirectInputEvents = YES;
				INFOPLIST_KEY_UILaunchScreen_Generation = YES;
				INFOPLIST_KEY_UISupportedInterfaceOrientations_iPad = "UIInterfaceOrientationPortrait UIInterfaceOrientationPortraitUpsideDown UIInterfaceOrientationLandscapeLeft UIInterfaceOrientationLandscapeRight";
				INFOPLIST_KEY_UISupportedInterfaceOrientations_iPhone = "UIInterfaceOrientationPortrait UIInterfaceOrientationLandscapeLeft UIInterfaceOrientationLandscapeRight";
				LD_RUNPATH_SEARCH_PATHS = (
					"$(inherited)",
					"@executable_path/Frameworks",
				);
				MARKETING_VERSION = 1.0;
				PRODUCT_BUNDLE_IDENTIFIER = com.fsc.Test;
				PRODUCT_NAME = "$(TARGET_NAME)";
				SWIFT_EMIT_LOC_STRINGS = YES;
				SWIFT_VERSION = 5.0;
				TARGETED_DEVICE_FAMILY = "1,2";
			};
			name = Release;
		};
		50D05BB0295CE46E000BC3E9 /* Debug */ = {
			isa = XCBuildConfiguration;
			buildSettings = {
				ALWAYS_EMBED_SWIFT_STANDARD_LIBRARIES = YES;
				BUNDLE_LOADER = "$(TEST_HOST)";
				CODE_SIGN_STYLE = Automatic;
				CURRENT_PROJECT_VERSION = 1;
				DEVELOPMENT_TEAM = AD5UGVWA8A;
				GENERATE_INFOPLIST_FILE = YES;
				IPHONEOS_DEPLOYMENT_TARGET = 16.2;
				MARKETING_VERSION = 1.0;
				PRODUCT_BUNDLE_IDENTIFIER = com.fsc.TestTests;
				PRODUCT_NAME = "$(TARGET_NAME)";
				SWIFT_EMIT_LOC_STRINGS = NO;
				SWIFT_VERSION = 5.0;
				TARGETED_DEVICE_FAMILY = "1,2";
				TEST_HOST = "$(BUILT_PRODUCTS_DIR)/Test.app/$(BUNDLE_EXECUTABLE_FOLDER_PATH)/Test";
			};
			name = Debug;
		};
		50D05BB1295CE46E000BC3E9 /* Release */ = {
			isa = XCBuildConfiguration;
			buildSettings = {
				ALWAYS_EMBED_SWIFT_STANDARD_LIBRARIES = YES;
				BUNDLE_LOADER = "$(TEST_HOST)";
				CODE_SIGN_STYLE = Automatic;
				CURRENT_PROJECT_VERSION = 1;
				DEVELOPMENT_TEAM = AD5UGVWA8A;
				GENERATE_INFOPLIST_FILE = YES;
				IPHONEOS_DEPLOYMENT_TARGET = 16.2;
				MARKETING_VERSION = 1.0;
				PRODUCT_BUNDLE_IDENTIFIER = com.fsc.TestTests;
				PRODUCT_NAME = "$(TARGET_NAME)";
				SWIFT_EMIT_LOC_STRINGS = NO;
				SWIFT_VERSION = 5.0;
				TARGETED_DEVICE_FAMILY = "1,2";
				TEST_HOST = "$(BUILT_PRODUCTS_DIR)/Test.app/$(BUNDLE_EXECUTABLE_FOLDER_PATH)/Test";
			};
			name = Release;
		};
		50D05BB3295CE46E000BC3E9 /* Debug */ = {
			isa = XCBuildConfiguration;
			buildSettings = {
				ALWAYS_EMBED_SWIFT_STANDARD_LIBRARIES = YES;
				CODE_SIGN_STYLE = Automatic;
				CURRENT_PROJECT_VERSION = 1;
				DEVELOPMENT_TEAM = AD5UGVWA8A;
				GENERATE_INFOPLIST_FILE = YES;
				MARKETING_VERSION = 1.0;
				PRODUCT_BUNDLE_IDENTIFIER = com.fsc.TestUITests;
				PRODUCT_NAME = "$(TARGET_NAME)";
				SWIFT_EMIT_LOC_STRINGS = NO;
				SWIFT_VERSION = 5.0;
				TARGETED_DEVICE_FAMILY = "1,2";
				TEST_TARGET_NAME = Test;
			};
			name = Debug;
		};
		50D05BB4295CE46E000BC3E9 /* Release */ = {
			isa = XCBuildConfiguration;
			buildSettings = {
				ALWAYS_EMBED_SWIFT_STANDARD_LIBRARIES = YES;
				CODE_SIGN_STYLE = Automatic;
				CURRENT_PROJECT_VERSION = 1;
				DEVELOPMENT_TEAM = AD5UGVWA8A;
				GENERATE_INFOPLIST_FILE = YES;
				MARKETING_VERSION = 1.0;
				PRODUCT_BUNDLE_IDENTIFIER = com.fsc.TestUITests;
				PRODUCT_NAME = "$(TARGET_NAME)";
				SWIFT_EMIT_LOC_STRINGS = NO;
				SWIFT_VERSION = 5.0;
				TARGETED_DEVICE_FAMILY = "1,2";
				TEST_TARGET_NAME = Test;
			};
			name = Release;
		};
/* End XCBuildConfiguration section */

/* Begin XCConfigurationList section */
		50D05B83295CE46B000BC3E9 /* Build configuration list for PBXProject "Test" */ = {
			isa = XCConfigurationList;
			buildConfigurations = (
				50D05BAA295CE46E000BC3E9 /* Debug */,
				50D05BAB295CE46E000BC3E9 /* Release */,
			);
			defaultConfigurationIsVisible = 0;
			defaultConfigurationName = Release;
		};
		50D05BAC295CE46E000BC3E9 /* Build configuration list for PBXNativeTarget "Test" */ = {
			isa = XCConfigurationList;
			buildConfigurations = (
				50D05BAD295CE46E000BC3E9 /* Debug */,
				50D05BAE295CE46E000BC3E9 /* Release */,
			);
			defaultConfigurationIsVisible = 0;
			defaultConfigurationName = Release;
		};
		50D05BAF295CE46E000BC3E9 /* Build configuration list for PBXNativeTarget "TestTests" */ = {
			isa = XCConfigurationList;
			buildConfigurations = (
				50D05BB0295CE46E000BC3E9 /* Debug */,
				50D05BB1295CE46E000BC3E9 /* Release */,
			);
			defaultConfigurationIsVisible = 0;
			defaultConfigurationName = Release;
		};
		50D05BB2295CE46E000BC3E9 /* Build configuration list for PBXNativeTarget "TestUITests" */ = {
			isa = XCConfigurationList;
			buildConfigurations = (
				50D05BB3295CE46E000BC3E9 /* Debug */,
				50D05BB4295CE46E000BC3E9 /* Release */,
			);
			defaultConfigurationIsVisible = 0;
			defaultConfigurationName = Release;
		};
/* End XCConfigurationList section */
	};
	rootObject = 50D05B80295CE46B000BC3E9 /* Project object */;
}
